
Microsoft Visual Studio Solution File, Format Version 12.00
Project("{FAE04EC0-301F-11D3-BF4B-00C04F79EFBC}") = "arcade", "arcade\arcade.csproj", "{34E69E4B-26F0-4B1D-B01A-2C3E84007C5A}"
EndProject
Project("{FAE04EC0-301F-11D3-BF4B-00C04F79EFBC}") = "Arcade1", "Arcade1\Arcade1.csproj", "{5ACBBA52-AFFF-49CE-9824-C22730627E7D}"
EndProject
Global
	GlobalSection(SolutionConfigurationPlatforms) = preSolution
		Debug|Any CPU = Debug|Any CPU
		Release|Any CPU = Release|Any CPU
	EndGlobalSection
	GlobalSection(ProjectConfigurationPlatforms) = postSolution
		{34E69E4B-26F0-4B1D-B01A-2C3E84007C5A}.Debug|Any CPU.ActiveCfg = Debug|Any CPU
		{34E69E4B-26F0-4B1D-B01A-2C3E84007C5A}.Debug|Any CPU.Build.0 = Debug|Any CPU
		{34E69E4B-26F0-4B1D-B01A-2C3E84007C5A}.Release|Any CPU.ActiveCfg = Release|Any CPU
		{34E69E4B-26F0-4B1D-B01A-2C3E84007C5A}.Release|Any CPU.Build.0 = Release|Any CPU
		{5ACBBA52-AFFF-49CE-9824-C22730627E7D}.Debug|Any CPU.ActiveCfg = Debug|Any CPU
		{5ACBBA52-AFFF-49CE-9824-C22730627E7D}.Debug|Any CPU.Build.0 = Debug|Any CPU
		{5ACBBA52-AFFF-49CE-9824-C22730627E7D}.Release|Any CPU.ActiveCfg = Release|Any CPU
		{5ACBBA52-AFFF-49CE-9824-C22730627E7D}.Release|Any CPU.Build.0 = Release|Any CPU
	EndGlobalSection
EndGlobal
